
Microsoft Visual Studio Solution File, Format Version 12.00
# Visual Studio 15
VisualStudioVersion = 15.0.26730.8
MinimumVisualStudioVersion = 10.0.40219.1
Project("{FAE04EC0-301F-11D3-BF4B-00C04F79EFBC}") = "AutoParkingSystem", "AutoParkingSystem\AutoParkingSystem.csproj", "{D7338B04-1A8A-4008-B04A-E6746BA831E9}"
EndProject
Project("{FAE04EC0-301F-11D3-BF4B-00C04F79EFBC}") = "KernelGuideLib", "KernelGuide\KernelGuideLib.csproj", "{B6B691E7-F83B-4519-A889-C006BB2B2485}"
EndProject
Project("{FAE04EC0-301F-11D3-BF4B-00C04F79EFBC}") = "ConfigManagementLib", "ConfigManagmtLib\ConfigManagementLib.csproj", "{9FFAEB15-0F90-40F8-ACF9-9CE55E209124}"
EndProject
Project("{FAE04EC0-301F-11D3-BF4B-00C04F79EFBC}") = "LOGManagementLib", "LOGManagementLib\LOGManagementLib.csproj", "{39E05A24-73FE-46B6-B18B-AAF8C1D284E3}"
EndProject
Project("{FAE04EC0-301F-11D3-BF4B-00C04F79EFBC}") = "TypedefLib", "Typedef\TypedefLib.csproj", "{85987C19-A032-4283-B472-4B6CA92807FB}"
EndProject
Project("{FAE04EC0-301F-11D3-BF4B-00C04F79EFBC}") = "CommonMethodLib", "CommonMethodLib\CommonMethodLib.csproj", "{3BB96EF2-285E-4D60-9EFD-49292DD18623}"
EndProject
Project("{FAE04EC0-301F-11D3-BF4B-00C04F79EFBC}") = "SoundManagementLib", "SoundManagementLib\SoundManagementLib.csproj", "{3C43E2A6-CDC6-42D7-8CC1-96B92934C134}"
EndProject
Project("{FAE04EC0-301F-11D3-BF4B-00C04F79EFBC}") = "DatabaseManagementLib", "DatabaseManagementLib\DatabaseManagementLib.csproj", "{963F1E70-A14D-414E-9D43-CE2095A33283}"
EndProject
Project("{FAE04EC0-301F-11D3-BF4B-00C04F79EFBC}") = "BillingManagementLib", "BillingManagementLib\BillingManagementLib.csproj", "{B89815E3-2920-49F6-9511-89FF8115DD3E}"
EndProject
Project("{FAE04EC0-301F-11D3-BF4B-00C04F79EFBC}") = "ICCardManagementLib", "ICCardManagementLib\ICCardManagementLib.csproj", "{9B9F57D4-2599-4F3F-BFF2-AE4D1B2D04FA}"
EndProject
Project("{FAE04EC0-301F-11D3-BF4B-00C04F79EFBC}") = "WorkFlowLib", "WorkFlowLib\WorkFlowLib.csproj", "{7AB351EE-D796-4F79-A491-B4E9427C461C}"
EndProject
Project("{FAE04EC0-301F-11D3-BF4B-00C04F79EFBC}") = "WCFQueryLib", "WCFQueryProxyLib\WCFQueryLib.csproj", "{11CCB667-346E-4678-B82B-A09B900C546F}"
EndProject
Project("{FAE04EC0-301F-11D3-BF4B-00C04F79EFBC}") = "WCFServiceLib", "WcfServiceLib\WCFServiceLib.csproj", "{A139803D-4E77-410B-8205-3B50A33171CA}"
EndProject
Project("{FAE04EC0-301F-11D3-BF4B-00C04F79EFBC}") = "AbstractActionLib", "AbstractActionLib\AbstractActionLib.csproj", "{2F205C73-ECE1-44FB-A7BA-87D3AB6A38C2}"
EndProject
Project("{FAE04EC0-301F-11D3-BF4B-00C04F79EFBC}") = "Killer", "Killer\Killer.csproj", "{AC2EECDC-DDC8-47B8-AD59-956341AA6CC1}"
EndProject
Project("{FAE04EC0-301F-11D3-BF4B-00C04F79EFBC}") = "MaintainProc", "MaintainProc\MaintainProc.csproj", "{73C5A986-B10D-47EE-9943-5D9BDBF8FA9A}"
EndProject
Project("{FAE04EC0-301F-11D3-BF4B-00C04F79EFBC}") = "BaseMethodLib", "BaseMethodLib\BaseMethodLib.csproj", "{323B3067-CD8E-4838-81C0-D5B1CABFA1BC}"
EndProject
Project("{FAE04EC0-301F-11D3-BF4B-00C04F79EFBC}") = "CommunicationLib", "CommunicationLib\CommunicationLib.csproj", "{860A6AAB-8AB9-488D-9ADE-3DF7810BECEE}"
EndProject
Project("{FAE04EC0-301F-11D3-BF4B-00C04F79EFBC}") = "CustomerLEDLib", "CustomerLEDLib\CustomerLEDLib.csproj", "{81A986DE-999B-41C6-B0B5-96C3E1A5D030}"
EndProject
Project("{FAE04EC0-301F-11D3-BF4B-00C04F79EFBC}") = "LEDManagementLib", "LEDManagementLib\LEDManagementLib.csproj", "{3CD72D94-FA4E-424F-A11E-BA1823859A6D}"
EndProject
Global
	GlobalSection(SolutionConfigurationPlatforms) = preSolution
		Debug|Any CPU = Debug|Any CPU
		Debug|Mixed Platforms = Debug|Mixed Platforms
		Debug|x64 = Debug|x64
		Debug|x86 = Debug|x86
		Release|Any CPU = Release|Any CPU
		Release|Mixed Platforms = Release|Mixed Platforms
		Release|x64 = Release|x64
		Release|x86 = Release|x86
	EndGlobalSection
	GlobalSection(ProjectConfigurationPlatforms) = postSolution
		{D7338B04-1A8A-4008-B04A-E6746BA831E9}.Debug|Any CPU.ActiveCfg = Debug|x86
		{D7338B04-1A8A-4008-B04A-E6746BA831E9}.Debug|Mixed Platforms.ActiveCfg = Debug|x64
		{D7338B04-1A8A-4008-B04A-E6746BA831E9}.Debug|Mixed Platforms.Build.0 = Debug|x64
		{D7338B04-1A8A-4008-B04A-E6746BA831E9}.Debug|x64.ActiveCfg = Debug|x64
		{D7338B04-1A8A-4008-B04A-E6746BA831E9}.Debug|x64.Build.0 = Debug|x64
		{D7338B04-1A8A-4008-B04A-E6746BA831E9}.Debug|x86.ActiveCfg = Debug|x86
		{D7338B04-1A8A-4008-B04A-E6746BA831E9}.Debug|x86.Build.0 = Debug|x86
		{D7338B04-1A8A-4008-B04A-E6746BA831E9}.Release|Any CPU.ActiveCfg = Release|x86
		{D7338B04-1A8A-4008-B04A-E6746BA831E9}.Release|Mixed Platforms.ActiveCfg = Release|x64
		{D7338B04-1A8A-4008-B04A-E6746BA831E9}.Release|Mixed Platforms.Build.0 = Release|x64
		{D7338B04-1A8A-4008-B04A-E6746BA831E9}.Release|x64.ActiveCfg = Release|x64
		{D7338B04-1A8A-4008-B04A-E6746BA831E9}.Release|x64.Build.0 = Release|x64
		{D7338B04-1A8A-4008-B04A-E6746BA831E9}.Release|x86.ActiveCfg = Release|x86
		{D7338B04-1A8A-4008-B04A-E6746BA831E9}.Release|x86.Build.0 = Release|x86
		{B6B691E7-F83B-4519-A889-C006BB2B2485}.Debug|Any CPU.ActiveCfg = Debug|x86
		{B6B691E7-F83B-4519-A889-C006BB2B2485}.Debug|Mixed Platforms.ActiveCfg = Debug|x64
		{B6B691E7-F83B-4519-A889-C006BB2B2485}.Debug|Mixed Platforms.Build.0 = Debug|x64
		{B6B691E7-F83B-4519-A889-C006BB2B2485}.Debug|x64.ActiveCfg = Debug|x64
		{B6B691E7-F83B-4519-A889-C006BB2B2485}.Debug|x64.Build.0 = Debug|x64
		{B6B691E7-F83B-4519-A889-C006BB2B2485}.Debug|x86.ActiveCfg = Debug|x86
		{B6B691E7-F83B-4519-A889-C006BB2B2485}.Debug|x86.Build.0 = Debug|x86
		{B6B691E7-F83B-4519-A889-C006BB2B2485}.Release|Any CPU.ActiveCfg = Release|x86
		{B6B691E7-F83B-4519-A889-C006BB2B2485}.Release|Mixed Platforms.ActiveCfg = Release|x64
		{B6B691E7-F83B-4519-A889-C006BB2B2485}.Release|Mixed Platforms.Build.0 = Release|x64
		{B6B691E7-F83B-4519-A889-C006BB2B2485}.Release|x64.ActiveCfg = Release|x64
		{B6B691E7-F83B-4519-A889-C006BB2B2485}.Release|x64.Build.0 = Release|x64
		{B6B691E7-F83B-4519-A889-C006BB2B2485}.Release|x86.ActiveCfg = Release|x86
		{B6B691E7-F83B-4519-A889-C006BB2B2485}.Release|x86.Build.0 = Release|x86
		{9FFAEB15-0F90-40F8-ACF9-9CE55E209124}.Debug|Any CPU.ActiveCfg = Debug|x64
		{9FFAEB15-0F90-40F8-ACF9-9CE55E209124}.Debug|Mixed Platforms.ActiveCfg = Debug|x64
		{9FFAEB15-0F90-40F8-ACF9-9CE55E209124}.Debug|Mixed Platforms.Build.0 = Debug|x64
		{9FFAEB15-0F90-40F8-ACF9-9CE55E209124}.Debug|x64.ActiveCfg = Debug|x64
		{9FFAEB15-0F90-40F8-ACF9-9CE55E209124}.Debug|x64.Build.0 = Debug|x64
		{9FFAEB15-0F90-40F8-ACF9-9CE55E209124}.Debug|x86.ActiveCfg = Debug|x64
		{9FFAEB15-0F90-40F8-ACF9-9CE55E209124}.Release|Any CPU.ActiveCfg = Release|x64
		{9FFAEB15-0F90-40F8-ACF9-9CE55E209124}.Release|Mixed Platforms.ActiveCfg = Release|x64
		{9FFAEB15-0F90-40F8-ACF9-9CE55E209124}.Release|Mixed Platforms.Build.0 = Release|x64
		{9FFAEB15-0F90-40F8-ACF9-9CE55E209124}.Release|x64.ActiveCfg = Release|x64
		{9FFAEB15-0F90-40F8-ACF9-9CE55E209124}.Release|x64.Build.0 = Release|x64
		{9FFAEB15-0F90-40F8-ACF9-9CE55E209124}.Release|x86.ActiveCfg = Release|x64
		{39E05A24-73FE-46B6-B18B-AAF8C1D284E3}.Debug|Any CPU.ActiveCfg = Debug|Any CPU
		{39E05A24-73FE-46B6-B18B-AAF8C1D284E3}.Debug|Any CPU.Build.0 = Debug|Any CPU
		{39E05A24-73FE-46B6-B18B-AAF8C1D284E3}.Debug|Mixed Platforms.ActiveCfg = Debug|x64
		{39E05A24-73FE-46B6-B18B-AAF8C1D284E3}.Debug|Mixed Platforms.Build.0 = Debug|x64
		{39E05A24-73FE-46B6-B18B-AAF8C1D284E3}.Debug|x64.ActiveCfg = Debug|x64
		{39E05A24-73FE-46B6-B18B-AAF8C1D284E3}.Debug|x64.Build.0 = Debug|x64
		{39E05A24-73FE-46B6-B18B-AAF8C1D284E3}.Debug|x86.ActiveCfg = Debug|x86
		{39E05A24-73FE-46B6-B18B-AAF8C1D284E3}.Debug|x86.Build.0 = Debug|x86
		{39E05A24-73FE-46B6-B18B-AAF8C1D284E3}.Release|Any CPU.ActiveCfg = Release|Any CPU
		{39E05A24-73FE-46B6-B18B-AAF8C1D284E3}.Release|Any CPU.Build.0 = Release|Any CPU
		{39E05A24-73FE-46B6-B18B-AAF8C1D284E3}.Release|Mixed Platforms.ActiveCfg = Release|x64
		{39E05A24-73FE-46B6-B18B-AAF8C1D284E3}.Release|Mixed Platforms.Build.0 = Release|x64
		{39E05A24-73FE-46B6-B18B-AAF8C1D284E3}.Release|x64.ActiveCfg = Release|x64
		{39E05A24-73FE-46B6-B18B-AAF8C1D284E3}.Release|x64.Build.0 = Release|x64
		{39E05A24-73FE-46B6-B18B-AAF8C1D284E3}.Release|x86.ActiveCfg = Release|x86
		{39E05A24-73FE-46B6-B18B-AAF8C1D284E3}.Release|x86.Build.0 = Release|x86
		{85987C19-A032-4283-B472-4B6CA92807FB}.Debug|Any CPU.ActiveCfg = Debug|x64
		{85987C19-A032-4283-B472-4B6CA92807FB}.Debug|Mixed Platforms.ActiveCfg = Debug|x64
		{85987C19-A032-4283-B472-4B6CA92807FB}.Debug|Mixed Platforms.Build.0 = Debug|x64
		{85987C19-A032-4283-B472-4B6CA92807FB}.Debug|x64.ActiveCfg = Debug|x64
		{85987C19-A032-4283-B472-4B6CA92807FB}.Debug|x64.Build.0 = Debug|x64
		{85987C19-A032-4283-B472-4B6CA92807FB}.Debug|x86.ActiveCfg = Debug|x64
		{85987C19-A032-4283-B472-4B6CA92807FB}.Release|Any CPU.ActiveCfg = Release|x64
		{85987C19-A032-4283-B472-4B6CA92807FB}.Release|Mixed Platforms.ActiveCfg = Release|x64
		{85987C19-A032-4283-B472-4B6CA92807FB}.Release|Mixed Platforms.Build.0 = Release|x64
		{85987C19-A032-4283-B472-4B6CA92807FB}.Release|x64.ActiveCfg = Release|x64
		{85987C19-A032-4283-B472-4B6CA92807FB}.Release|x64.Build.0 = Release|x64
		{85987C19-A032-4283-B472-4B6CA92807FB}.Release|x86.ActiveCfg = Release|x64
		{3BB96EF2-285E-4D60-9EFD-49292DD18623}.Debug|Any CPU.ActiveCfg = Debug|x64
		{3BB96EF2-285E-4D60-9EFD-49292DD18623}.Debug|Mixed Platforms.ActiveCfg = Debug|x64
		{3BB96EF2-285E-4D60-9EFD-49292DD18623}.Debug|Mixed Platforms.Build.0 = Debug|x64
		{3BB96EF2-285E-4D60-9EFD-49292DD18623}.Debug|x64.ActiveCfg = Debug|x64
		{3BB96EF2-285E-4D60-9EFD-49292DD18623}.Debug|x64.Build.0 = Debug|x64
		{3BB96EF2-285E-4D60-9EFD-49292DD18623}.Debug|x86.ActiveCfg = Debug|x64
		{3BB96EF2-285E-4D60-9EFD-49292DD18623}.Release|Any CPU.ActiveCfg = Release|x64
		{3BB96EF2-285E-4D60-9EFD-49292DD18623}.Release|Mixed Platforms.ActiveCfg = Release|x64
		{3BB96EF2-285E-4D60-9EFD-49292DD18623}.Release|Mixed Platforms.Build.0 = Release|x64
		{3BB96EF2-285E-4D60-9EFD-49292DD18623}.Release|x64.ActiveCfg = Release|x64
		{3BB96EF2-285E-4D60-9EFD-49292DD18623}.Release|x64.Build.0 = Release|x64
		{3BB96EF2-285E-4D60-9EFD-49292DD18623}.Release|x86.ActiveCfg = Release|x64
		{3C43E2A6-CDC6-42D7-8CC1-96B92934C134}.Debug|Any CPU.ActiveCfg = Debug|x64
		{3C43E2A6-CDC6-42D7-8CC1-96B92934C134}.Debug|Mixed Platforms.ActiveCfg = Debug|x64
		{3C43E2A6-CDC6-42D7-8CC1-96B92934C134}.Debug|Mixed Platforms.Build.0 = Debug|x64
		{3C43E2A6-CDC6-42D7-8CC1-96B92934C134}.Debug|x64.ActiveCfg = Debug|x64
		{3C43E2A6-CDC6-42D7-8CC1-96B92934C134}.Debug|x64.Build.0 = Debug|x64
		{3C43E2A6-CDC6-42D7-8CC1-96B92934C134}.Debug|x86.ActiveCfg = Debug|x64
		{3C43E2A6-CDC6-42D7-8CC1-96B92934C134}.Release|Any CPU.ActiveCfg = Release|x64
		{3C43E2A6-CDC6-42D7-8CC1-96B92934C134}.Release|Mixed Platforms.ActiveCfg = Release|x64
		{3C43E2A6-CDC6-42D7-8CC1-96B92934C134}.Release|Mixed Platforms.Build.0 = Release|x64
		{3C43E2A6-CDC6-42D7-8CC1-96B92934C134}.Release|x64.ActiveCfg = Release|x64
		{3C43E2A6-CDC6-42D7-8CC1-96B92934C134}.Release|x64.Build.0 = Release|x64
		{3C43E2A6-CDC6-42D7-8CC1-96B92934C134}.Release|x86.ActiveCfg = Release|x64
		{963F1E70-A14D-414E-9D43-CE2095A33283}.Debug|Any CPU.ActiveCfg = Debug|Any CPU
		{963F1E70-A14D-414E-9D43-CE2095A33283}.Debug|Any CPU.Build.0 = Debug|Any CPU
		{963F1E70-A14D-414E-9D43-CE2095A33283}.Debug|Mixed Platforms.ActiveCfg = Debug|x64
		{963F1E70-A14D-414E-9D43-CE2095A33283}.Debug|Mixed Platforms.Build.0 = Debug|x64
		{963F1E70-A14D-414E-9D43-CE2095A33283}.Debug|x64.ActiveCfg = Debug|x64
		{963F1E70-A14D-414E-9D43-CE2095A33283}.Debug|x64.Build.0 = Debug|x64
		{963F1E70-A14D-414E-9D43-CE2095A33283}.Debug|x86.ActiveCfg = Debug|x86
		{963F1E70-A14D-414E-9D43-CE2095A33283}.Debug|x86.Build.0 = Debug|x86
		{963F1E70-A14D-414E-9D43-CE2095A33283}.Release|Any CPU.ActiveCfg = Release|Any CPU
		{963F1E70-A14D-414E-9D43-CE2095A33283}.Release|Any CPU.Build.0 = Release|Any CPU
		{963F1E70-A14D-414E-9D43-CE2095A33283}.Release|Mixed Platforms.ActiveCfg = Release|x64
		{963F1E70-A14D-414E-9D43-CE2095A33283}.Release|Mixed Platforms.Build.0 = Release|x64
		{963F1E70-A14D-414E-9D43-CE2095A33283}.Release|x64.ActiveCfg = Release|x64
		{963F1E70-A14D-414E-9D43-CE2095A33283}.Release|x64.Build.0 = Release|x64
		{963F1E70-A14D-414E-9D43-CE2095A33283}.Release|x86.ActiveCfg = Release|x86
		{963F1E70-A14D-414E-9D43-CE2095A33283}.Release|x86.Build.0 = Release|x86
		{B89815E3-2920-49F6-9511-89FF8115DD3E}.Debug|Any CPU.ActiveCfg = Debug|Any CPU
		{B89815E3-2920-49F6-9511-89FF8115DD3E}.Debug|Any CPU.Build.0 = Debug|Any CPU
		{B89815E3-2920-49F6-9511-89FF8115DD3E}.Debug|Mixed Platforms.ActiveCfg = Debug|x64
		{B89815E3-2920-49F6-9511-89FF8115DD3E}.Debug|Mixed Platforms.Build.0 = Debug|x64
		{B89815E3-2920-49F6-9511-89FF8115DD3E}.Debug|x64.ActiveCfg = Debug|x64
		{B89815E3-2920-49F6-9511-89FF8115DD3E}.Debug|x64.Build.0 = Debug|x64
		{B89815E3-2920-49F6-9511-89FF8115DD3E}.Debug|x86.ActiveCfg = Debug|x86
		{B89815E3-2920-49F6-9511-89FF8115DD3E}.Debug|x86.Build.0 = Debug|x86
		{B89815E3-2920-49F6-9511-89FF8115DD3E}.Release|Any CPU.ActiveCfg = Release|Any CPU
		{B89815E3-2920-49F6-9511-89FF8115DD3E}.Release|Any CPU.Build.0 = Release|Any CPU
		{B89815E3-2920-49F6-9511-89FF8115DD3E}.Release|Mixed Platforms.ActiveCfg = Release|x64
		{B89815E3-2920-49F6-9511-89FF8115DD3E}.Release|Mixed Platforms.Build.0 = Release|x64
		{B89815E3-2920-49F6-9511-89FF8115DD3E}.Release|x64.ActiveCfg = Release|x64
		{B89815E3-2920-49F6-9511-89FF8115DD3E}.Release|x64.Build.0 = Release|x64
		{B89815E3-2920-49F6-9511-89FF8115DD3E}.Release|x86.ActiveCfg = Release|x86
		{B89815E3-2920-49F6-9511-89FF8115DD3E}.Release|x86.Build.0 = Release|x86
		{9B9F57D4-2599-4F3F-BFF2-AE4D1B2D04FA}.Debug|Any CPU.ActiveCfg = Debug|Any CPU
		{9B9F57D4-2599-4F3F-BFF2-AE4D1B2D04FA}.Debug|Any CPU.Build.0 = Debug|Any CPU
		{9B9F57D4-2599-4F3F-BFF2-AE4D1B2D04FA}.Debug|Mixed Platforms.ActiveCfg = Debug|x64
		{9B9F57D4-2599-4F3F-BFF2-AE4D1B2D04FA}.Debug|Mixed Platforms.Build.0 = Debug|x64
		{9B9F57D4-2599-4F3F-BFF2-AE4D1B2D04FA}.Debug|x64.ActiveCfg = Debug|x64
		{9B9F57D4-2599-4F3F-BFF2-AE4D1B2D04FA}.Debug|x64.Build.0 = Debug|x64
		{9B9F57D4-2599-4F3F-BFF2-AE4D1B2D04FA}.Debug|x86.ActiveCfg = Debug|x86
		{9B9F57D4-2599-4F3F-BFF2-AE4D1B2D04FA}.Debug|x86.Build.0 = Debug|x86
		{9B9F57D4-2599-4F3F-BFF2-AE4D1B2D04FA}.Release|Any CPU.ActiveCfg = Release|Any CPU
		{9B9F57D4-2599-4F3F-BFF2-AE4D1B2D04FA}.Release|Any CPU.Build.0 = Release|Any CPU
		{9B9F57D4-2599-4F3F-BFF2-AE4D1B2D04FA}.Release|Mixed Platforms.ActiveCfg = Release|x64
		{9B9F57D4-2599-4F3F-BFF2-AE4D1B2D04FA}.Release|Mixed Platforms.Build.0 = Release|x64
		{9B9F57D4-2599-4F3F-BFF2-AE4D1B2D04FA}.Release|x64.ActiveCfg = Release|x64
		{9B9F57D4-2599-4F3F-BFF2-AE4D1B2D04FA}.Release|x64.Build.0 = Release|x64
		{9B9F57D4-2599-4F3F-BFF2-AE4D1B2D04FA}.Release|x86.ActiveCfg = Release|x86
		{9B9F57D4-2599-4F3F-BFF2-AE4D1B2D04FA}.Release|x86.Build.0 = Release|x86
		{7AB351EE-D796-4F79-A491-B4E9427C461C}.Debug|Any CPU.ActiveCfg = Debug|x64
		{7AB351EE-D796-4F79-A491-B4E9427C461C}.Debug|Mixed Platforms.ActiveCfg = Debug|x64
		{7AB351EE-D796-4F79-A491-B4E9427C461C}.Debug|Mixed Platforms.Build.0 = Debug|x64
		{7AB351EE-D796-4F79-A491-B4E9427C461C}.Debug|x64.ActiveCfg = Debug|x64
		{7AB351EE-D796-4F79-A491-B4E9427C461C}.Debug|x64.Build.0 = Debug|x64
		{7AB351EE-D796-4F79-A491-B4E9427C461C}.Debug|x86.ActiveCfg = Debug|x64
		{7AB351EE-D796-4F79-A491-B4E9427C461C}.Release|Any CPU.ActiveCfg = Release|x64
		{7AB351EE-D796-4F79-A491-B4E9427C461C}.Release|Mixed Platforms.ActiveCfg = Release|x64
		{7AB351EE-D796-4F79-A491-B4E9427C461C}.Release|Mixed Platforms.Build.0 = Release|x64
		{7AB351EE-D796-4F79-A491-B4E9427C461C}.Release|x64.ActiveCfg = Release|x64
		{7AB351EE-D796-4F79-A491-B4E9427C461C}.Release|x64.Build.0 = Release|x64
		{7AB351EE-D796-4F79-A491-B4E9427C461C}.Release|x86.ActiveCfg = Release|x64
		{11CCB667-346E-4678-B82B-A09B900C546F}.Debug|Any CPU.ActiveCfg = Debug|x64
		{11CCB667-346E-4678-B82B-A09B900C546F}.Debug|Mixed Platforms.ActiveCfg = Debug|x64
		{11CCB667-346E-4678-B82B-A09B900C546F}.Debug|Mixed Platforms.Build.0 = Debug|x64
		{11CCB667-346E-4678-B82B-A09B900C546F}.Debug|x64.ActiveCfg = Debug|x64
		{11CCB667-346E-4678-B82B-A09B900C546F}.Debug|x64.Build.0 = Debug|x64
		{11CCB667-346E-4678-B82B-A09B900C546F}.Debug|x86.ActiveCfg = Debug|x64
		{11CCB667-346E-4678-B82B-A09B900C546F}.Release|Any CPU.ActiveCfg = Release|x64
		{11CCB667-346E-4678-B82B-A09B900C546F}.Release|Mixed Platforms.ActiveCfg = Release|x64
		{11CCB667-346E-4678-B82B-A09B900C546F}.Release|Mixed Platforms.Build.0 = Release|x64
		{11CCB667-346E-4678-B82B-A09B900C546F}.Release|x64.ActiveCfg = Release|x64
		{11CCB667-346E-4678-B82B-A09B900C546F}.Release|x64.Build.0 = Release|x64
		{11CCB667-346E-4678-B82B-A09B900C546F}.Release|x86.ActiveCfg = Release|x64
		{A139803D-4E77-410B-8205-3B50A33171CA}.Debug|Any CPU.ActiveCfg = Debug|x64
		{A139803D-4E77-410B-8205-3B50A33171CA}.Debug|Mixed Platforms.ActiveCfg = Debug|x64
		{A139803D-4E77-410B-8205-3B50A33171CA}.Debug|Mixed Platforms.Build.0 = Debug|x64
		{A139803D-4E77-410B-8205-3B50A33171CA}.Debug|x64.ActiveCfg = Debug|x64
		{A139803D-4E77-410B-8205-3B50A33171CA}.Debug|x64.Build.0 = Debug|x64
		{A139803D-4E77-410B-8205-3B50A33171CA}.Debug|x86.ActiveCfg = Debug|x64
		{A139803D-4E77-410B-8205-3B50A33171CA}.Release|Any CPU.ActiveCfg = Release|x64
		{A139803D-4E77-410B-8205-3B50A33171CA}.Release|Mixed Platforms.ActiveCfg = Release|x64
		{A139803D-4E77-410B-8205-3B50A33171CA}.Release|Mixed Platforms.Build.0 = Release|x64
		{A139803D-4E77-410B-8205-3B50A33171CA}.Release|x64.ActiveCfg = Release|x64
		{A139803D-4E77-410B-8205-3B50A33171CA}.Release|x64.Build.0 = Release|x64
		{A139803D-4E77-410B-8205-3B50A33171CA}.Release|x86.ActiveCfg = Release|x64
		{2F205C73-ECE1-44FB-A7BA-87D3AB6A38C2}.Debug|Any CPU.ActiveCfg = Debug|x64
		{2F205C73-ECE1-44FB-A7BA-87D3AB6A38C2}.Debug|Mixed Platforms.ActiveCfg = Debug|x64
		{2F205C73-ECE1-44FB-A7BA-87D3AB6A38C2}.Debug|Mixed Platforms.Build.0 = Debug|x64
		{2F205C73-ECE1-44FB-A7BA-87D3AB6A38C2}.Debug|x64.ActiveCfg = Debug|x64
		{2F205C73-ECE1-44FB-A7BA-87D3AB6A38C2}.Debug|x64.Build.0 = Debug|x64
		{2F205C73-ECE1-44FB-A7BA-87D3AB6A38C2}.Debug|x86.ActiveCfg = Debug|x64
		{2F205C73-ECE1-44FB-A7BA-87D3AB6A38C2}.Release|Any CPU.ActiveCfg = Release|x64
		{2F205C73-ECE1-44FB-A7BA-87D3AB6A38C2}.Release|Mixed Platforms.ActiveCfg = Release|x64
		{2F205C73-ECE1-44FB-A7BA-87D3AB6A38C2}.Release|Mixed Platforms.Build.0 = Release|x64
		{2F205C73-ECE1-44FB-A7BA-87D3AB6A38C2}.Release|x64.ActiveCfg = Release|x64
		{2F205C73-ECE1-44FB-A7BA-87D3AB6A38C2}.Release|x64.Build.0 = Release|x64
		{2F205C73-ECE1-44FB-A7BA-87D3AB6A38C2}.Release|x86.ActiveCfg = Release|x64
		{AC2EECDC-DDC8-47B8-AD59-956341AA6CC1}.Debug|Any CPU.ActiveCfg = Debug|x64
		{AC2EECDC-DDC8-47B8-AD59-956341AA6CC1}.Debug|Mixed Platforms.ActiveCfg = Debug|x64
		{AC2EECDC-DDC8-47B8-AD59-956341AA6CC1}.Debug|Mixed Platforms.Build.0 = Debug|x64
		{AC2EECDC-DDC8-47B8-AD59-956341AA6CC1}.Debug|x64.ActiveCfg = Debug|x64
		{AC2EECDC-DDC8-47B8-AD59-956341AA6CC1}.Debug|x64.Build.0 = Debug|x64
		{AC2EECDC-DDC8-47B8-AD59-956341AA6CC1}.Debug|x86.ActiveCfg = Debug|x86
		{AC2EECDC-DDC8-47B8-AD59-956341AA6CC1}.Debug|x86.Build.0 = Debug|x86
		{AC2EECDC-DDC8-47B8-AD59-956341AA6CC1}.Release|Any CPU.ActiveCfg = Release|x64
		{AC2EECDC-DDC8-47B8-AD59-956341AA6CC1}.Release|Mixed Platforms.ActiveCfg = Release|x64
		{AC2EECDC-DDC8-47B8-AD59-956341AA6CC1}.Release|Mixed Platforms.Build.0 = Release|x64
		{AC2EECDC-DDC8-47B8-AD59-956341AA6CC1}.Release|x64.ActiveCfg = Release|x64
		{AC2EECDC-DDC8-47B8-AD59-956341AA6CC1}.Release|x64.Build.0 = Release|x64
		{AC2EECDC-DDC8-47B8-AD59-956341AA6CC1}.Release|x86.ActiveCfg = Release|x86
		{AC2EECDC-DDC8-47B8-AD59-956341AA6CC1}.Release|x86.Build.0 = Release|x86
		{73C5A986-B10D-47EE-9943-5D9BDBF8FA9A}.Debug|Any CPU.ActiveCfg = Debug|x86
		{73C5A986-B10D-47EE-9943-5D9BDBF8FA9A}.Debug|Mixed Platforms.ActiveCfg = Debug|x64
		{73C5A986-B10D-47EE-9943-5D9BDBF8FA9A}.Debug|Mixed Platforms.Build.0 = Debug|x64
		{73C5A986-B10D-47EE-9943-5D9BDBF8FA9A}.Debug|x64.ActiveCfg = Debug|x64
		{73C5A986-B10D-47EE-9943-5D9BDBF8FA9A}.Debug|x64.Build.0 = Debug|x64
		{73C5A986-B10D-47EE-9943-5D9BDBF8FA9A}.Debug|x86.ActiveCfg = Debug|x86
		{73C5A986-B10D-47EE-9943-5D9BDBF8FA9A}.Debug|x86.Build.0 = Debug|x86
		{73C5A986-B10D-47EE-9943-5D9BDBF8FA9A}.Release|Any CPU.ActiveCfg = Release|x86
		{73C5A986-B10D-47EE-9943-5D9BDBF8FA9A}.Release|Mixed Platforms.ActiveCfg = Release|x64
		{73C5A986-B10D-47EE-9943-5D9BDBF8FA9A}.Release|Mixed Platforms.Build.0 = Release|x64
		{73C5A986-B10D-47EE-9943-5D9BDBF8FA9A}.Release|x64.ActiveCfg = Release|x64
		{73C5A986-B10D-47EE-9943-5D9BDBF8FA9A}.Release|x64.Build.0 = Release|x64
		{73C5A986-B10D-47EE-9943-5D9BDBF8FA9A}.Release|x86.ActiveCfg = Release|x86
		{73C5A986-B10D-47EE-9943-5D9BDBF8FA9A}.Release|x86.Build.0 = Release|x86
		{323B3067-CD8E-4838-81C0-D5B1CABFA1BC}.Debug|Any CPU.ActiveCfg = Debug|Any CPU
		{323B3067-CD8E-4838-81C0-D5B1CABFA1BC}.Debug|Any CPU.Build.0 = Debug|Any CPU
		{323B3067-CD8E-4838-81C0-D5B1CABFA1BC}.Debug|Mixed Platforms.ActiveCfg = Debug|x64
		{323B3067-CD8E-4838-81C0-D5B1CABFA1BC}.Debug|Mixed Platforms.Build.0 = Debug|x64
		{323B3067-CD8E-4838-81C0-D5B1CABFA1BC}.Debug|x64.ActiveCfg = Debug|x64
		{323B3067-CD8E-4838-81C0-D5B1CABFA1BC}.Debug|x64.Build.0 = Debug|x64
		{323B3067-CD8E-4838-81C0-D5B1CABFA1BC}.Debug|x86.ActiveCfg = Debug|x86
		{323B3067-CD8E-4838-81C0-D5B1CABFA1BC}.Debug|x86.Build.0 = Debug|x86
		{323B3067-CD8E-4838-81C0-D5B1CABFA1BC}.Release|Any CPU.ActiveCfg = Release|Any CPU
		{323B3067-CD8E-4838-81C0-D5B1CABFA1BC}.Release|Any CPU.Build.0 = Release|Any CPU
		{323B3067-CD8E-4838-81C0-D5B1CABFA1BC}.Release|Mixed Platforms.ActiveCfg = Release|x64
		{323B3067-CD8E-4838-81C0-D5B1CABFA1BC}.Release|Mixed Platforms.Build.0 = Release|x64
		{323B3067-CD8E-4838-81C0-D5B1CABFA1BC}.Release|x64.ActiveCfg = Release|x64
		{323B3067-CD8E-4838-81C0-D5B1CABFA1BC}.Release|x64.Build.0 = Release|x64
		{323B3067-CD8E-4838-81C0-D5B1CABFA1BC}.Release|x86.ActiveCfg = Release|x86
		{323B3067-CD8E-4838-81C0-D5B1CABFA1BC}.Release|x86.Build.0 = Release|x86
		{860A6AAB-8AB9-488D-9ADE-3DF7810BECEE}.Debug|Any CPU.ActiveCfg = Debug|x64
		{860A6AAB-8AB9-488D-9ADE-3DF7810BECEE}.Debug|Mixed Platforms.ActiveCfg = Debug|x64
		{860A6AAB-8AB9-488D-9ADE-3DF7810BECEE}.Debug|Mixed Platforms.Build.0 = Debug|x64
		{860A6AAB-8AB9-488D-9ADE-3DF7810BECEE}.Debug|x64.ActiveCfg = Debug|x64
		{860A6AAB-8AB9-488D-9ADE-3DF7810BECEE}.Debug|x64.Build.0 = Debug|x64
		{860A6AAB-8AB9-488D-9ADE-3DF7810BECEE}.Debug|x86.ActiveCfg = Debug|x64
		{860A6AAB-8AB9-488D-9ADE-3DF7810BECEE}.Release|Any CPU.ActiveCfg = Release|x64
		{860A6AAB-8AB9-488D-9ADE-3DF7810BECEE}.Release|Mixed Platforms.ActiveCfg = Release|x64
		{860A6AAB-8AB9-488D-9ADE-3DF7810BECEE}.Release|Mixed Platforms.Build.0 = Release|x64
		{860A6AAB-8AB9-488D-9ADE-3DF7810BECEE}.Release|x64.ActiveCfg = Release|x64
		{860A6AAB-8AB9-488D-9ADE-3DF7810BECEE}.Release|x64.Build.0 = Release|x64
		{860A6AAB-8AB9-488D-9ADE-3DF7810BECEE}.Release|x86.ActiveCfg = Release|x64
		{81A986DE-999B-41C6-B0B5-96C3E1A5D030}.Debug|Any CPU.ActiveCfg = Debug|Any CPU
		{81A986DE-999B-41C6-B0B5-96C3E1A5D030}.Debug|Any CPU.Build.0 = Debug|Any CPU
		{81A986DE-999B-41C6-B0B5-96C3E1A5D030}.Debug|Mixed Platforms.ActiveCfg = Debug|x64
		{81A986DE-999B-41C6-B0B5-96C3E1A5D030}.Debug|Mixed Platforms.Build.0 = Debug|x64
		{81A986DE-999B-41C6-B0B5-96C3E1A5D030}.Debug|x64.ActiveCfg = Debug|x64
		{81A986DE-999B-41C6-B0B5-96C3E1A5D030}.Debug|x64.Build.0 = Debug|x64
		{81A986DE-999B-41C6-B0B5-96C3E1A5D030}.Debug|x86.ActiveCfg = Debug|x86
		{81A986DE-999B-41C6-B0B5-96C3E1A5D030}.Debug|x86.Build.0 = Debug|x86
		{81A986DE-999B-41C6-B0B5-96C3E1A5D030}.Release|Any CPU.ActiveCfg = Release|Any CPU
		{81A986DE-999B-41C6-B0B5-96C3E1A5D030}.Release|Any CPU.Build.0 = Release|Any CPU
		{81A986DE-999B-41C6-B0B5-96C3E1A5D030}.Release|Mixed Platforms.ActiveCfg = Release|x64
		{81A986DE-999B-41C6-B0B5-96C3E1A5D030}.Release|Mixed Platforms.Build.0 = Release|x64
		{81A986DE-999B-41C6-B0B5-96C3E1A5D030}.Release|x64.ActiveCfg = Release|x64
		{81A986DE-999B-41C6-B0B5-96C3E1A5D030}.Release|x64.Build.0 = Release|x64
		{81A986DE-999B-41C6-B0B5-96C3E1A5D030}.Release|x86.ActiveCfg = Release|Any CPU
		{3CD72D94-FA4E-424F-A11E-BA1823859A6D}.Debug|Any CPU.ActiveCfg = Debug|Any CPU
		{3CD72D94-FA4E-424F-A11E-BA1823859A6D}.Debug|Any CPU.Build.0 = Debug|Any CPU
		{3CD72D94-FA4E-424F-A11E-BA1823859A6D}.Debug|Mixed Platforms.ActiveCfg = Debug|Any CPU
		{3CD72D94-FA4E-424F-A11E-BA1823859A6D}.Debug|Mixed Platforms.Build.0 = Debug|Any CPU
		{3CD72D94-FA4E-424F-A11E-BA1823859A6D}.Debug|x64.ActiveCfg = Debug|Any CPU
		{3CD72D94-FA4E-424F-A11E-BA1823859A6D}.Debug|x64.Build.0 = Debug|Any CPU
		{3CD72D94-FA4E-424F-A11E-BA1823859A6D}.Debug|x86.ActiveCfg = Debug|Any CPU
		{3CD72D94-FA4E-424F-A11E-BA1823859A6D}.Release|Any CPU.ActiveCfg = Release|Any CPU
		{3CD72D94-FA4E-424F-A11E-BA1823859A6D}.Release|Any CPU.Build.0 = Release|Any CPU
		{3CD72D94-FA4E-424F-A11E-BA1823859A6D}.Release|Mixed Platforms.ActiveCfg = Release|Any CPU
		{3CD72D94-FA4E-424F-A11E-BA1823859A6D}.Release|Mixed Platforms.Build.0 = Release|Any CPU
		{3CD72D94-FA4E-424F-A11E-BA1823859A6D}.Release|x64.ActiveCfg = Release|Any CPU
		{3CD72D94-FA4E-424F-A11E-BA1823859A6D}.Release|x86.ActiveCfg = Release|Any CPU
	EndGlobalSection
	GlobalSection(SolutionProperties) = preSolution
		HideSolutionNode = FALSE
	EndGlobalSection
	GlobalSection(ExtensibilityGlobals) = postSolution
		SolutionGuid = {7E4DC059-3BBB-4F0F-B9BB-A1E80C84AAAD}
	EndGlobalSection
EndGlobal
